
Microsoft Visual Studio Solution File, Format Version 12.00
# Visual Studio Version 17
VisualStudioVersion = 17.1.32407.343
MinimumVisualStudioVersion = 10.0.40219.1
Project("{9A19103F-16F7-4668-BE54-9A1E7A4F7556}") = "StarCraft1", "StarCraft1.csproj", "{E7B773A1-4996-4823-BD85-E71488C4431B}"
EndProject
Project("{9A19103F-16F7-4668-BE54-9A1E7A4F7556}") = "ASPDotNetCore", "..\ASPDotNetCore\ASPDotNetCore.csproj", "{F590C7F1-1871-4660-B08E-735667E248C9}"
EndProject
Global
	GlobalSection(SolutionConfigurationPlatforms) = preSolution
		Debug|Any CPU = Debug|Any CPU
		Release|Any CPU = Release|Any CPU
	EndGlobalSection
	GlobalSection(ProjectConfigurationPlatforms) = postSolution
		{E7B773A1-4996-4823-BD85-E71488C4431B}.Debug|Any CPU.ActiveCfg = Debug|Any CPU
		{E7B773A1-4996-4823-BD85-E71488C4431B}.Debug|Any CPU.Build.0 = Debug|Any CPU
		{E7B773A1-4996-4823-BD85-E71488C4431B}.Release|Any CPU.ActiveCfg = Release|Any CPU
		{E7B773A1-4996-4823-BD85-E71488C4431B}.Release|Any CPU.Build.0 = Release|Any CPU
		{F590C7F1-1871-4660-B08E-735667E248C9}.Debug|Any CPU.ActiveCfg = Debug|Any CPU
		{F590C7F1-1871-4660-B08E-735667E248C9}.Debug|Any CPU.Build.0 = Debug|Any CPU
		{F590C7F1-1871-4660-B08E-735667E248C9}.Release|Any CPU.ActiveCfg = Release|Any CPU
		{F590C7F1-1871-4660-B08E-735667E248C9}.Release|Any CPU.Build.0 = Release|Any CPU
	EndGlobalSection
	GlobalSection(SolutionProperties) = preSolution
		HideSolutionNode = FALSE
	EndGlobalSection
	GlobalSection(ExtensibilityGlobals) = postSolution
		SolutionGuid = {F814A6C6-2B91-4E8D-B9AF-050F20DC28E7}
	EndGlobalSection
EndGlobal
